
Microsoft Visual Studio Solution File, Format Version 12.00
# Visual Studio Version 17
VisualStudioVersion = 17.4.33213.308
MinimumVisualStudioVersion = 10.0.40219.1
Project("{FAE04EC0-301F-11D3-BF4B-00C04F79EFBC}") = "JCTF.LaserSweeper", "JCTF.LaserSweeper.csproj", "{F728B05C-DE4B-4D5C-AA83-0782E672611B}"
EndProject
Global
	GlobalSection(SolutionConfigurationPlatforms) = preSolution
		Debug|Any CPU = Debug|Any CPU
		Release|Any CPU = Release|Any CPU
	EndGlobalSection
	GlobalSection(ProjectConfigurationPlatforms) = postSolution
		{F728B05C-DE4B-4D5C-AA83-0782E672611B}.Debug|Any CPU.ActiveCfg = Debug|Any CPU
		{F728B05C-DE4B-4D5C-AA83-0782E672611B}.Debug|Any CPU.Build.0 = Debug|Any CPU
		{F728B05C-DE4B-4D5C-AA83-0782E672611B}.Release|Any CPU.ActiveCfg = Release|Any CPU
		{F728B05C-DE4B-4D5C-AA83-0782E672611B}.Release|Any CPU.Build.0 = Release|Any CPU
	EndGlobalSection
	GlobalSection(SolutionProperties) = preSolution
		HideSolutionNode = FALSE
	EndGlobalSection
	GlobalSection(ExtensibilityGlobals) = postSolution
		SolutionGuid = {97284071-E169-4472-B0F6-2024D8C27FCB}
	EndGlobalSection
EndGlobal
